
Microsoft Visual Studio Solution File, Format Version 12.00
# Visual Studio Version 17
VisualStudioVersion = 17.13.35818.85 d17.13
MinimumVisualStudioVersion = 10.0.40219.1
Project("{FAE04EC0-301F-11D3-BF4B-00C04F79EFBC}") = "FirstAPI", "FirstAPI\FirstAPI.csproj", "{049EE890-4568-4011-9E07-25C132B54D29}"
EndProject
Global
	GlobalSection(SolutionConfigurationPlatforms) = preSolution
		Debug|Any CPU = Debug|Any CPU
		Release|Any CPU = Release|Any CPU
	EndGlobalSection
	GlobalSection(ProjectConfigurationPlatforms) = postSolution
		{049EE890-4568-4011-9E07-25C132B54D29}.Debug|Any CPU.ActiveCfg = Debug|Any CPU
		{049EE890-4568-4011-9E07-25C132B54D29}.Debug|Any CPU.Build.0 = Debug|Any CPU
		{049EE890-4568-4011-9E07-25C132B54D29}.Release|Any CPU.ActiveCfg = Release|Any CPU
		{049EE890-4568-4011-9E07-25C132B54D29}.Release|Any CPU.Build.0 = Release|Any CPU
	EndGlobalSection
	GlobalSection(SolutionProperties) = preSolution
		HideSolutionNode = FALSE
	EndGlobalSection
	GlobalSection(ExtensibilityGlobals) = postSolution
		SolutionGuid = {121FFCD8-A38D-4B49-8F0E-7EEC2B9BFF4E}
	EndGlobalSection
EndGlobal
